
Microsoft Visual Studio Solution File, Format Version 12.00
# Visual Studio Version 16
VisualStudioVersion = 16.0.29230.47
MinimumVisualStudioVersion = 10.0.40219.1
Project("{FAE04EC0-301F-11D3-BF4B-00C04F79EFBC}") = "TicTacToe", "TicTacToe\TicTacToe.csproj", "{DB9357B5-62E7-4045-B18C-37F0D537B3AE}"
EndProject
Project("{FAE04EC0-301F-11D3-BF4B-00C04F79EFBC}") = "TicTacToeDAL", "TicTacToeDAL\TicTacToeDAL.csproj", "{360304E1-03E1-4E15-9A73-2843F55BA184}"
EndProject
Project("{FAE04EC0-301F-11D3-BF4B-00C04F79EFBC}") = "TicTacToeUnitTest", "TicTacToeUnitTest\TicTacToeUnitTest.csproj", "{1FF2F03D-0A5F-4CA2-82E5-88B270E87D39}"
EndProject
Project("{2150E333-8FDC-42A3-9474-1A3956D46DE8}") = "DBScripts", "DBScripts", "{653BAB52-07EE-475B-9AB2-79C1A86BDF65}"
	ProjectSection(SolutionItems) = preProject
		schema_and_data.sql = schema_and_data.sql
	EndProjectSection
EndProject
Project("{FAE04EC0-301F-11D3-BF4B-00C04F79EFBC}") = "TicTacToeCommon", "TicTacToeCommon\TicTacToeCommon.csproj", "{9D247874-D6BC-4F43-A58A-88B099514DE5}"
EndProject
Global
	GlobalSection(SolutionConfigurationPlatforms) = preSolution
		Debug|Any CPU = Debug|Any CPU
		Release|Any CPU = Release|Any CPU
	EndGlobalSection
	GlobalSection(ProjectConfigurationPlatforms) = postSolution
		{DB9357B5-62E7-4045-B18C-37F0D537B3AE}.Debug|Any CPU.ActiveCfg = Debug|Any CPU
		{DB9357B5-62E7-4045-B18C-37F0D537B3AE}.Debug|Any CPU.Build.0 = Debug|Any CPU
		{DB9357B5-62E7-4045-B18C-37F0D537B3AE}.Release|Any CPU.ActiveCfg = Release|Any CPU
		{DB9357B5-62E7-4045-B18C-37F0D537B3AE}.Release|Any CPU.Build.0 = Release|Any CPU
		{360304E1-03E1-4E15-9A73-2843F55BA184}.Debug|Any CPU.ActiveCfg = Debug|Any CPU
		{360304E1-03E1-4E15-9A73-2843F55BA184}.Debug|Any CPU.Build.0 = Debug|Any CPU
		{360304E1-03E1-4E15-9A73-2843F55BA184}.Release|Any CPU.ActiveCfg = Release|Any CPU
		{360304E1-03E1-4E15-9A73-2843F55BA184}.Release|Any CPU.Build.0 = Release|Any CPU
		{1FF2F03D-0A5F-4CA2-82E5-88B270E87D39}.Debug|Any CPU.ActiveCfg = Debug|Any CPU
		{1FF2F03D-0A5F-4CA2-82E5-88B270E87D39}.Debug|Any CPU.Build.0 = Debug|Any CPU
		{1FF2F03D-0A5F-4CA2-82E5-88B270E87D39}.Release|Any CPU.ActiveCfg = Release|Any CPU
		{1FF2F03D-0A5F-4CA2-82E5-88B270E87D39}.Release|Any CPU.Build.0 = Release|Any CPU
		{9D247874-D6BC-4F43-A58A-88B099514DE5}.Debug|Any CPU.ActiveCfg = Debug|Any CPU
		{9D247874-D6BC-4F43-A58A-88B099514DE5}.Debug|Any CPU.Build.0 = Debug|Any CPU
		{9D247874-D6BC-4F43-A58A-88B099514DE5}.Release|Any CPU.ActiveCfg = Release|Any CPU
		{9D247874-D6BC-4F43-A58A-88B099514DE5}.Release|Any CPU.Build.0 = Release|Any CPU
	EndGlobalSection
	GlobalSection(SolutionProperties) = preSolution
		HideSolutionNode = FALSE
	EndGlobalSection
	GlobalSection(ExtensibilityGlobals) = postSolution
		SolutionGuid = {E3E45FA8-7F45-4590-B037-8D7FC0879E5D}
	EndGlobalSection
EndGlobal
